
Microsoft Visual Studio Solution File, Format Version 12.00
# Visual Studio 15
VisualStudioVersion = 15.0.28010.2046
MinimumVisualStudioVersion = 10.0.40219.1
Project("{FAE04EC0-301F-11D3-BF4B-00C04F79EFBC}") = "RealTimeSportsStatistics.Web", "RealTimeSportsStatistics.Web\RealTimeSportsStatistics.Web.csproj", "{CFCC83A5-7F01-4A8A-A44A-4C9CAB5D49B8}"
EndProject
Project("{FAE04EC0-301F-11D3-BF4B-00C04F79EFBC}") = "RealTimeSportsStatistics.Domain", "RealTimeSportsStatistics.Domain\RealTimeSportsStatistics.Domain.csproj", "{2975CFC3-6C8C-43F8-8B00-FD158B57820F}"
EndProject
Project("{FAE04EC0-301F-11D3-BF4B-00C04F79EFBC}") = "RealTimeSportsStatistics.Api", "RealTimeSportsStatistics.Api\RealTimeSportsStatistics.Api.csproj", "{50D8AAAD-3CCD-4B00-BF18-A9B706A7E277}"
EndProject
Project("{FAE04EC0-301F-11D3-BF4B-00C04F79EFBC}") = "RealTimeSportsStatistics.Shared", "RealTimeSportsStatistics.Shared\RealTimeSportsStatistics.Shared.csproj", "{F4E30F56-A0FD-4ACE-A027-6EF078DFEC48}"
EndProject
Project("{FAE04EC0-301F-11D3-BF4B-00C04F79EFBC}") = "RealTimeSportsStatistics.Test", "RealTimeSportsStatistics.Test\RealTimeSportsStatistics.Test.csproj", "{48EA894E-28BC-4081-9B63-8620978F1705}"
EndProject
Global
	GlobalSection(SolutionConfigurationPlatforms) = preSolution
		Debug|Any CPU = Debug|Any CPU
		Release|Any CPU = Release|Any CPU
	EndGlobalSection
	GlobalSection(ProjectConfigurationPlatforms) = postSolution
		{CFCC83A5-7F01-4A8A-A44A-4C9CAB5D49B8}.Debug|Any CPU.ActiveCfg = Debug|Any CPU
		{CFCC83A5-7F01-4A8A-A44A-4C9CAB5D49B8}.Debug|Any CPU.Build.0 = Debug|Any CPU
		{CFCC83A5-7F01-4A8A-A44A-4C9CAB5D49B8}.Release|Any CPU.ActiveCfg = Release|Any CPU
		{CFCC83A5-7F01-4A8A-A44A-4C9CAB5D49B8}.Release|Any CPU.Build.0 = Release|Any CPU
		{2975CFC3-6C8C-43F8-8B00-FD158B57820F}.Debug|Any CPU.ActiveCfg = Debug|Any CPU
		{2975CFC3-6C8C-43F8-8B00-FD158B57820F}.Debug|Any CPU.Build.0 = Debug|Any CPU
		{2975CFC3-6C8C-43F8-8B00-FD158B57820F}.Release|Any CPU.ActiveCfg = Release|Any CPU
		{2975CFC3-6C8C-43F8-8B00-FD158B57820F}.Release|Any CPU.Build.0 = Release|Any CPU
		{50D8AAAD-3CCD-4B00-BF18-A9B706A7E277}.Debug|Any CPU.ActiveCfg = Debug|Any CPU
		{50D8AAAD-3CCD-4B00-BF18-A9B706A7E277}.Debug|Any CPU.Build.0 = Debug|Any CPU
		{50D8AAAD-3CCD-4B00-BF18-A9B706A7E277}.Release|Any CPU.ActiveCfg = Release|Any CPU
		{50D8AAAD-3CCD-4B00-BF18-A9B706A7E277}.Release|Any CPU.Build.0 = Release|Any CPU
		{F4E30F56-A0FD-4ACE-A027-6EF078DFEC48}.Debug|Any CPU.ActiveCfg = Debug|Any CPU
		{F4E30F56-A0FD-4ACE-A027-6EF078DFEC48}.Debug|Any CPU.Build.0 = Debug|Any CPU
		{F4E30F56-A0FD-4ACE-A027-6EF078DFEC48}.Release|Any CPU.ActiveCfg = Release|Any CPU
		{F4E30F56-A0FD-4ACE-A027-6EF078DFEC48}.Release|Any CPU.Build.0 = Release|Any CPU
		{48EA894E-28BC-4081-9B63-8620978F1705}.Debug|Any CPU.ActiveCfg = Debug|Any CPU
		{48EA894E-28BC-4081-9B63-8620978F1705}.Debug|Any CPU.Build.0 = Debug|Any CPU
		{48EA894E-28BC-4081-9B63-8620978F1705}.Release|Any CPU.ActiveCfg = Release|Any CPU
		{48EA894E-28BC-4081-9B63-8620978F1705}.Release|Any CPU.Build.0 = Release|Any CPU
	EndGlobalSection
	GlobalSection(SolutionProperties) = preSolution
		HideSolutionNode = FALSE
	EndGlobalSection
	GlobalSection(ExtensibilityGlobals) = postSolution
		SolutionGuid = {124F2786-3032-4F44-99BD-120826AEF664}
	EndGlobalSection
EndGlobal
